
Microsoft Visual Studio Solution File, Format Version 12.00
# Visual Studio 2012
Project("{FAE04EC0-301F-11D3-BF4B-00C04F79EFBC}") = "s00119500", "s00119500\s00119500.csproj", "{753EC887-2FAF-4025-974D-BB3922066119}"
EndProject
Project("{FAE04EC0-301F-11D3-BF4B-00C04F79EFBC}") = "s00119500.Tests", "s00119500.Tests\s00119500.Tests.csproj", "{816DB880-A1FF-406E-A026-B8BD5333C2FE}"
EndProject
Global
	GlobalSection(SolutionConfigurationPlatforms) = preSolution
		Debug|Any CPU = Debug|Any CPU
		Release|Any CPU = Release|Any CPU
	EndGlobalSection
	GlobalSection(ProjectConfigurationPlatforms) = postSolution
		{753EC887-2FAF-4025-974D-BB3922066119}.Debug|Any CPU.ActiveCfg = Debug|Any CPU
		{753EC887-2FAF-4025-974D-BB3922066119}.Debug|Any CPU.Build.0 = Debug|Any CPU
		{753EC887-2FAF-4025-974D-BB3922066119}.Release|Any CPU.ActiveCfg = Release|Any CPU
		{753EC887-2FAF-4025-974D-BB3922066119}.Release|Any CPU.Build.0 = Release|Any CPU
		{816DB880-A1FF-406E-A026-B8BD5333C2FE}.Debug|Any CPU.ActiveCfg = Debug|Any CPU
		{816DB880-A1FF-406E-A026-B8BD5333C2FE}.Debug|Any CPU.Build.0 = Debug|Any CPU
		{816DB880-A1FF-406E-A026-B8BD5333C2FE}.Release|Any CPU.ActiveCfg = Release|Any CPU
		{816DB880-A1FF-406E-A026-B8BD5333C2FE}.Release|Any CPU.Build.0 = Release|Any CPU
	EndGlobalSection
	GlobalSection(SolutionProperties) = preSolution
		HideSolutionNode = FALSE
	EndGlobalSection
EndGlobal
